
Microsoft Visual Studio Solution File, Format Version 12.00
# Visual Studio Version 17
VisualStudioVersion = 17.4.33103.184
MinimumVisualStudioVersion = 10.0.40219.1
Project("{FAE04EC0-301F-11D3-BF4B-00C04F79EFBC}") = "TresEnRaya", "TresEnRaya\TresEnRaya.csproj", "{D63473B0-EF59-4990-8460-8AE272D55F2C}"
EndProject
Project("{FAE04EC0-301F-11D3-BF4B-00C04F79EFBC}") = "TaTeTi", "..\TaTeTi\TaTeTi\TaTeTi.csproj", "{AE7E135C-E2AF-4E13-8BE5-AD2169D8DB6D}"
EndProject
Global
	GlobalSection(SolutionConfigurationPlatforms) = preSolution
		Debug|Any CPU = Debug|Any CPU
		Release|Any CPU = Release|Any CPU
	EndGlobalSection
	GlobalSection(ProjectConfigurationPlatforms) = postSolution
		{D63473B0-EF59-4990-8460-8AE272D55F2C}.Debug|Any CPU.ActiveCfg = Debug|Any CPU
		{D63473B0-EF59-4990-8460-8AE272D55F2C}.Debug|Any CPU.Build.0 = Debug|Any CPU
		{D63473B0-EF59-4990-8460-8AE272D55F2C}.Release|Any CPU.ActiveCfg = Release|Any CPU
		{D63473B0-EF59-4990-8460-8AE272D55F2C}.Release|Any CPU.Build.0 = Release|Any CPU
		{AE7E135C-E2AF-4E13-8BE5-AD2169D8DB6D}.Debug|Any CPU.ActiveCfg = Debug|Any CPU
		{AE7E135C-E2AF-4E13-8BE5-AD2169D8DB6D}.Debug|Any CPU.Build.0 = Debug|Any CPU
		{AE7E135C-E2AF-4E13-8BE5-AD2169D8DB6D}.Release|Any CPU.ActiveCfg = Release|Any CPU
		{AE7E135C-E2AF-4E13-8BE5-AD2169D8DB6D}.Release|Any CPU.Build.0 = Release|Any CPU
	EndGlobalSection
	GlobalSection(SolutionProperties) = preSolution
		HideSolutionNode = FALSE
	EndGlobalSection
	GlobalSection(ExtensibilityGlobals) = postSolution
		SolutionGuid = {662B038A-2826-4960-A039-D46EACE55C9E}
	EndGlobalSection
EndGlobal
